{
  "object": {
    "pins": [
      {
        "package": "IkigaJSON",
        "repositoryURL": "https://github.com/autimatisering/IkigaJSON.git",
        "state": {
          "branch": null,
          "revision": "107f2addba0fdbb2c5aa90bce4b1cc7a1e1fbd80",
          "version": "2.0.3"
        }
      },
      {
        "package": "swift-nio",
        "repositoryURL": "https://github.com/apple/swift-nio.git",
        "state": {
          "branch": null,
          "revision": "4409b57d4c0c40d41ac2b320fccf02e4d451e3db",
          "version": "2.13.0"
        }
      }
    ]
  },
  "version": 1
}
